// !$*UTF8*$!
{
	archiveVersion = 1;
	classes = {
	};
	objectVersion = 50;
	objects = {

/* Begin PBXBuildFile section */
		E88A564F20EBB8C5002D0162 /* ThreeRingControl.framework in Frameworks */ = {isa = PBXBuildFile; fileRef = E88A564520EBB8C5002D0162 /* ThreeRingControl.framework */; };
		E88A565420EBB8C5002D0162 /* ThreeRingControlTests.swift in Sources */ = {isa = PBXBuildFile; fileRef = E88A565320EBB8C5002D0162 /* ThreeRingControlTests.swift */; };
		E88A565620EBB8C5002D0162 /* ThreeRingControl.h in Headers */ = {isa = PBXBuildFile; fileRef = E88A564820EBB8C5002D0162 /* ThreeRingControl.h */; settings = {ATTRIBUTES = (Public, ); }; };
		E88A566720EBB9A5002D0162 /* Fanfare.swift in Sources */ = {isa = PBXBuildFile; fileRef = E88A565F20EBB9A4002D0162 /* Fanfare.swift */; };
		E88A566820EBB9A5002D0162 /* winning.mp3 in Resources */ = {isa = PBXBuildFile; fileRef = E88A566020EBB9A4002D0162 /* winning.mp3 */; };
		E88A566920EBB9A5002D0162 /* RingTip.swift in Sources */ = {isa = PBXBuildFile; fileRef = E88A566120EBB9A4002D0162 /* RingTip.swift */; };
		E88A566A20EBB9A5002D0162 /* ThreeRingView.swift in Sources */ = {isa = PBXBuildFile; fileRef = E88A566220EBB9A5002D0162 /* ThreeRingView.swift */; };
		E88A566B20EBB9A5002D0162 /* RingLayer.swift in Sources */ = {isa = PBXBuildFile; fileRef = E88A566320EBB9A5002D0162 /* RingLayer.swift */; };
		E88A566C20EBB9A5002D0162 /* coin07.mp3 in Resources */ = {isa = PBXBuildFile; fileRef = E88A566420EBB9A5002D0162 /* coin07.mp3 */; };
		E88A566D20EBB9A5002D0162 /* Utilities.swift in Sources */ = {isa = PBXBuildFile; fileRef = E88A566520EBB9A5002D0162 /* Utilities.swift */; };
		E88A566E20EBB9A5002D0162 /* CircularGradient.swift in Sources */ = {isa = PBXBuildFile; fileRef = E88A566620EBB9A5002D0162 /* CircularGradient.swift */; };
		E88A568020EBC05F002D0162 /* ThreeRingTest.swift in Sources */ = {isa = PBXBuildFile; fileRef = E88A567F20EBC05F002D0162 /* ThreeRingTest.swift */; };
/* End PBXBuildFile section */

/* Begin PBXContainerItemProxy section */
		E88A565020EBB8C5002D0162 /* PBXContainerItemProxy */ = {
			isa = PBXContainerItemProxy;
			containerPortal = E88A563C20EBB8C5002D0162 /* Project object */;
			proxyType = 1;
			remoteGlobalIDString = E88A564420EBB8C5002D0162;
			remoteInfo = ThreeRingControl;
		};
/* End PBXContainerItemProxy section */

/* Begin PBXFileReference section */
		E88A564520EBB8C5002D0162 /* ThreeRingControl.framework */ = {isa = PBXFileReference; explicitFileType = wrapper.framework; includeInIndex = 0; path = ThreeRingControl.framework; sourceTree = BUILT_PRODUCTS_DIR; };
		E88A564820EBB8C5002D0162 /* ThreeRingControl.h */ = {isa = PBXFileReference; lastKnownFileType = sourcecode.c.h; path = ThreeRingControl.h; sourceTree = "<group>"; };
		E88A564920EBB8C5002D0162 /* Info.plist */ = {isa = PBXFileReference; lastKnownFileType = text.plist.xml; path = Info.plist; sourceTree = "<group>"; };
		E88A564E20EBB8C5002D0162 /* ThreeRingControlTests.xctest */ = {isa = PBXFileReference; explicitFileType = wrapper.cfbundle; includeInIndex = 0; path = ThreeRingControlTests.xctest; sourceTree = BUILT_PRODUCTS_DIR; };
		E88A565320EBB8C5002D0162 /* ThreeRingControlTests.swift */ = {isa = PBXFileReference; lastKnownFileType = sourcecode.swift; path = ThreeRingControlTests.swift; sourceTree = "<group>"; };
		E88A565520EBB8C5002D0162 /* Info.plist */ = {isa = PBXFileReference; lastKnownFileType = text.plist.xml; path = Info.plist; sourceTree = "<group>"; };
		E88A565F20EBB9A4002D0162 /* Fanfare.swift */ = {isa = PBXFileReference; fileEncoding = 4; lastKnownFileType = sourcecode.swift; path = Fanfare.swift; sourceTree = "<group>"; };
		E88A566020EBB9A4002D0162 /* winning.mp3 */ = {isa = PBXFileReference; lastKnownFileType = audio.mp3; path = winning.mp3; sourceTree = "<group>"; };
		E88A566120EBB9A4002D0162 /* RingTip.swift */ = {isa = PBXFileReference; fileEncoding = 4; lastKnownFileType = sourcecode.swift; path = RingTip.swift; sourceTree = "<group>"; };
		E88A566220EBB9A5002D0162 /* ThreeRingView.swift */ = {isa = PBXFileReference; fileEncoding = 4; lastKnownFileType = sourcecode.swift; path = ThreeRingView.swift; sourceTree = "<group>"; };
		E88A566320EBB9A5002D0162 /* RingLayer.swift */ = {isa = PBXFileReference; fileEncoding = 4; lastKnownFileType = sourcecode.swift; path = RingLayer.swift; sourceTree = "<group>"; };
		E88A566420EBB9A5002D0162 /* coin07.mp3 */ = {isa = PBXFileReference; lastKnownFileType = audio.mp3; path = coin07.mp3; sourceTree = "<group>"; };
		E88A566520EBB9A5002D0162 /* Utilities.swift */ = {isa = PBXFileReference; fileEncoding = 4; lastKnownFileType = sourcecode.swift; path = Utilities.swift; sourceTree = "<group>"; };
		E88A566620EBB9A5002D0162 /* CircularGradient.swift */ = {isa = PBXFileReference; fileEncoding = 4; lastKnownFileType = sourcecode.swift; path = CircularGradient.swift; sourceTree = "<group>"; };
		E88A567F20EBC05F002D0162 /* ThreeRingTest.swift */ = {isa = PBXFileReference; fileEncoding = 4; lastKnownFileType = sourcecode.swift; path = ThreeRingTest.swift; sourceTree = "<group>"; };
/* End PBXFileReference section */

/* Begin PBXFrameworksBuildPhase section */
		E88A564120EBB8C5002D0162 /* Frameworks */ = {
			isa = PBXFrameworksBuildPhase;
			buildActionMask = 2147483647;
			files = (
			);
			runOnlyForDeploymentPostprocessing = 0;
		};
		E88A564B20EBB8C5002D0162 /* Frameworks */ = {
			isa = PBXFrameworksBuildPhase;
			buildActionMask = 2147483647;
			files = (
				E88A564F20EBB8C5002D0162 /* ThreeRingControl.framework in Frameworks */,
			);
			runOnlyForDeploymentPostprocessing = 0;
		};
/* End PBXFrameworksBuildPhase section */

/* Begin PBXGroup section */
		E88A563B20EBB8C5002D0162 = {
			isa = PBXGroup;
			children = (
				E88A564720EBB8C5002D0162 /* ThreeRingControl */,
				E88A565220EBB8C5002D0162 /* ThreeRingControlTests */,
				E88A564620EBB8C5002D0162 /* Products */,
			);
			sourceTree = "<group>";
		};
		E88A564620EBB8C5002D0162 /* Products */ = {
			isa = PBXGroup;
			children = (
				E88A564520EBB8C5002D0162 /* ThreeRingControl.framework */,
				E88A564E20EBB8C5002D0162 /* ThreeRingControlTests.xctest */,
			);
			name = Products;
			sourceTree = "<group>";
		};
		E88A564720EBB8C5002D0162 /* ThreeRingControl */ = {
			isa = PBXGroup;
			children = (
				E88A564820EBB8C5002D0162 /* ThreeRingControl.h */,
				E88A564920EBB8C5002D0162 /* Info.plist */,
				E88A566620EBB9A5002D0162 /* CircularGradient.swift */,
				E88A566420EBB9A5002D0162 /* coin07.mp3 */,
				E88A565F20EBB9A4002D0162 /* Fanfare.swift */,
				E88A566320EBB9A5002D0162 /* RingLayer.swift */,
				E88A566120EBB9A4002D0162 /* RingTip.swift */,
				E88A566220EBB9A5002D0162 /* ThreeRingView.swift */,
				E88A566520EBB9A5002D0162 /* Utilities.swift */,
				E88A566020EBB9A4002D0162 /* winning.mp3 */,
			);
			path = ThreeRingControl;
			sourceTree = "<group>";
		};
		E88A565220EBB8C5002D0162 /* ThreeRingControlTests */ = {
			isa = PBXGroup;
			children = (
				E88A565320EBB8C5002D0162 /* ThreeRingControlTests.swift */,
				E88A567F20EBC05F002D0162 /* ThreeRingTest.swift */,
				E88A565520EBB8C5002D0162 /* Info.plist */,
			);
			path = ThreeRingControlTests;
			sourceTree = "<group>";
		};
/* End PBXGroup section */

/* Begin PBXHeadersBuildPhase section */
		E88A564220EBB8C5002D0162 /* Headers */ = {
			isa = PBXHeadersBuildPhase;
			buildActionMask = 2147483647;
			files = (
				E88A565620EBB8C5002D0162 /* ThreeRingControl.h in Headers */,
			);
			runOnlyForDeploymentPostprocessing = 0;
		};
/* End PBXHeadersBuildPhase section */

/* Begin PBXNativeTarget section */
		E88A564420EBB8C5002D0162 /* ThreeRingControl */ = {
			isa = PBXNativeTarget;
			buildConfigurationList = E88A565920EBB8C5002D0162 /* Build configuration list for PBXNativeTarget "ThreeRingControl" */;
			buildPhases = (
				E88A564020EBB8C5002D0162 /* Sources */,
				E88A564120EBB8C5002D0162 /* Frameworks */,
				E88A564220EBB8C5002D0162 /* Headers */,
				E88A564320EBB8C5002D0162 /* Resources */,
			);
			buildRules = (
			);
			dependencies = (
			);
			name = ThreeRingControl;
			productName = ThreeRingControl;
			productReference = E88A564520EBB8C5002D0162 /* ThreeRingControl.framework */;
			productType = "com.apple.product-type.framework";
		};
		E88A564D20EBB8C5002D0162 /* ThreeRingControlTests */ = {
			isa = PBXNativeTarget;
			buildConfigurationList = E88A565C20EBB8C5002D0162 /* Build configuration list for PBXNativeTarget "ThreeRingControlTests" */;
			buildPhases = (
				E88A564A20EBB8C5002D0162 /* Sources */,
				E88A564B20EBB8C5002D0162 /* Frameworks */,
				E88A564C20EBB8C5002D0162 /* Resources */,
			);
			buildRules = (
			);
			dependencies = (
				E88A565120EBB8C5002D0162 /* PBXTargetDependency */,
			);
			name = ThreeRingControlTests;
			productName = ThreeRingControlTests;
			productReference = E88A564E20EBB8C5002D0162 /* ThreeRingControlTests.xctest */;
			productType = "com.apple.product-type.bundle.unit-test";
		};
/* End PBXNativeTarget section */

/* Begin PBXProject section */
		E88A563C20EBB8C5002D0162 /* Project object */ = {
			isa = PBXProject;
			attributes = {
				LastSwiftUpdateCheck = 0930;
				LastUpgradeCheck = 0930;
				ORGANIZATIONNAME = Tapadoo;
				TargetAttributes = {
					E88A564420EBB8C5002D0162 = {
						CreatedOnToolsVersion = 9.3;
						LastSwiftMigration = 0930;
					};
					E88A564D20EBB8C5002D0162 = {
						CreatedOnToolsVersion = 9.3;
					};
				};
			};
			buildConfigurationList = E88A563F20EBB8C5002D0162 /* Build configuration list for PBXProject "ThreeRingControl" */;
			compatibilityVersion = "Xcode 9.3";
			developmentRegion = en;
			hasScannedForEncodings = 0;
			knownRegions = (
				en,
			);
			mainGroup = E88A563B20EBB8C5002D0162;
			productRefGroup = E88A564620EBB8C5002D0162 /* Products */;
			projectDirPath = "";
			projectRoot = "";
			targets = (
				E88A564420EBB8C5002D0162 /* ThreeRingControl */,
				E88A564D20EBB8C5002D0162 /* ThreeRingControlTests */,
			);
		};
/* End PBXProject section */

/* Begin PBXResourcesBuildPhase section */
		E88A564320EBB8C5002D0162 /* Resources */ = {
			isa = PBXResourcesBuildPhase;
			buildActionMask = 2147483647;
			files = (
				E88A566C20EBB9A5002D0162 /* coin07.mp3 in Resources */,
				E88A566820EBB9A5002D0162 /* winning.mp3 in Resources */,
			);
			runOnlyForDeploymentPostprocessing = 0;
		};
		E88A564C20EBB8C5002D0162 /* Resources */ = {
			isa = PBXResourcesBuildPhase;
			buildActionMask = 2147483647;
			files = (
			);
			runOnlyForDeploymentPostprocessing = 0;
		};
/* End PBXResourcesBuildPhase section */

/* Begin PBXSourcesBuildPhase section */
		E88A564020EBB8C5002D0162 /* Sources */ = {
			isa = PBXSourcesBuildPhase;
			buildActionMask = 2147483647;
			files = (
				E88A566720EBB9A5002D0162 /* Fanfare.swift in Sources */,
				E88A566A20EBB9A5002D0162 /* ThreeRingView.swift in Sources */,
				E88A566E20EBB9A5002D0162 /* CircularGradient.swift in Sources */,
				E88A566920EBB9A5002D0162 /* RingTip.swift in Sources */,
				E88A566D20EBB9A5002D0162 /* Utilities.swift in Sources */,
				E88A566B20EBB9A5002D0162 /* RingLayer.swift in Sources */,
			);
			runOnlyForDeploymentPostprocessing = 0;
		};
		E88A564A20EBB8C5002D0162 /* Sources */ = {
			isa = PBXSourcesBuildPhase;
			buildActionMask = 2147483647;
			files = (
				E88A568020EBC05F002D0162 /* ThreeRingTest.swift in Sources */,
				E88A565420EBB8C5002D0162 /* ThreeRingControlTests.swift in Sources */,
			);
			runOnlyForDeploymentPostprocessing = 0;
		};
/* End PBXSourcesBuildPhase section */

/* Begin PBXTargetDependency section */
		E88A565120EBB8C5002D0162 /* PBXTargetDependency */ = {
			isa = PBXTargetDependency;
			target = E88A564420EBB8C5002D0162 /* ThreeRingControl */;
			targetProxy = E88A565020EBB8C5002D0162 /* PBXContainerItemProxy */;
		};
/* End PBXTargetDependency section */

/* Begin XCBuildConfiguration section */
		E88A565720EBB8C5002D0162 /* Debug */ = {
			isa = XCBuildConfiguration;
			buildSettings = {
				ALWAYS_SEARCH_USER_PATHS = NO;
				CLANG_ANALYZER_NONNULL = YES;
				CLANG_ANALYZER_NUMBER_OBJECT_CONVERSION = YES_AGGRESSIVE;
				CLANG_CXX_LANGUAGE_STANDARD = "gnu++14";
				CLANG_CXX_LIBRARY = "libc++";
				CLANG_ENABLE_MODULES = YES;
				CLANG_ENABLE_OBJC_ARC = YES;
				CLANG_ENABLE_OBJC_WEAK = YES;
				CLANG_WARN_BLOCK_CAPTURE_AUTORELEASING = YES;
				CLANG_WARN_BOOL_CONVERSION = YES;
				CLANG_WARN_COMMA = YES;
				CLANG_WARN_CONSTANT_CONVERSION = YES;
				CLANG_WARN_DEPRECATED_OBJC_IMPLEMENTATIONS = YES;
				CLANG_WARN_DIRECT_OBJC_ISA_USAGE = YES_ERROR;
				CLANG_WARN_DOCUMENTATION_COMMENTS = YES;
				CLANG_WARN_EMPTY_BODY = YES;
				CLANG_WARN_ENUM_CONVERSION = YES;
				CLANG_WARN_INFINITE_RECURSION = YES;
				CLANG_WARN_INT_CONVERSION = YES;
				CLANG_WARN_NON_LITERAL_NULL_CONVERSION = YES;
				CLANG_WARN_OBJC_IMPLICIT_RETAIN_SELF = YES;
				CLANG_WARN_OBJC_LITERAL_CONVERSION = YES;
				CLANG_WARN_OBJC_ROOT_CLASS = YES_ERROR;
				CLANG_WARN_RANGE_LOOP_ANALYSIS = YES;
				CLANG_WARN_STRICT_PROTOTYPES = YES;
				CLANG_WARN_SUSPICIOUS_MOVE = YES;
				CLANG_WARN_UNGUARDED_AVAILABILITY = YES_AGGRESSIVE;
				CLANG_WARN_UNREACHABLE_CODE = YES;
				CLANG_WARN__DUPLICATE_METHOD_MATCH = YES;
				CODE_SIGN_IDENTITY = "iPhone Developer";
				COPY_PHASE_STRIP = NO;
				CURRENT_PROJECT_VERSION = 1;
				DEBUG_INFORMATION_FORMAT = dwarf;
				ENABLE_STRICT_OBJC_MSGSEND = YES;
				ENABLE_TESTABILITY = YES;
				GCC_C_LANGUAGE_STANDARD = gnu11;
				GCC_DYNAMIC_NO_PIC = NO;
				GCC_NO_COMMON_BLOCKS = YES;
				GCC_OPTIMIZATION_LEVEL = 0;
				GCC_PREPROCESSOR_DEFINITIONS = (
					"DEBUG=1",
					"$(inherited)",
				);
				GCC_WARN_64_TO_32_BIT_CONVERSION = YES;
				GCC_WARN_ABOUT_RETURN_TYPE = YES_ERROR;
				GCC_WARN_UNDECLARED_SELECTOR = YES;
				GCC_WARN_UNINITIALIZED_AUTOS = YES_AGGRESSIVE;
				GCC_WARN_UNUSED_FUNCTION = YES;
				GCC_WARN_UNUSED_VARIABLE = YES;
				IPHONEOS_DEPLOYMENT_TARGET = 10.0;
				MTL_ENABLE_DEBUG_INFO = YES;
				ONLY_ACTIVE_ARCH = YES;
				SDKROOT = iphoneos;
				SWIFT_ACTIVE_COMPILATION_CONDITIONS = DEBUG;
				SWIFT_OPTIMIZATION_LEVEL = "-Onone";
				VERSIONING_SYSTEM = "apple-generic";
				VERSION_INFO_PREFIX = "";
			};
			name = Debug;
		};
		E88A565820EBB8C5002D0162 /* Release */ = {
			isa = XCBuildConfiguration;
			buildSettings = {
				ALWAYS_SEARCH_USER_PATHS = NO;
				CLANG_ANALYZER_NONNULL = YES;
				CLANG_ANALYZER_NUMBER_OBJECT_CONVERSION = YES_AGGRESSIVE;
				CLANG_CXX_LANGUAGE_STANDARD = "gnu++14";
				CLANG_CXX_LIBRARY = "libc++";
				CLANG_ENABLE_MODULES = YES;
				CLANG_ENABLE_OBJC_ARC = YES;
				CLANG_ENABLE_OBJC_WEAK = YES;
				CLANG_WARN_BLOCK_CAPTURE_AUTORELEASING = YES;
				CLANG_WARN_BOOL_CONVERSION = YES;
				CLANG_WARN_COMMA = YES;
				CLANG_WARN_CONSTANT_CONVERSION = YES;
				CLANG_WARN_DEPRECATED_OBJC_IMPLEMENTATIONS = YES;
				CLANG_WARN_DIRECT_OBJC_ISA_USAGE = YES_ERROR;
				CLANG_WARN_DOCUMENTATION_COMMENTS = YES;
				CLANG_WARN_EMPTY_BODY = YES;
				CLANG_WARN_ENUM_CONVERSION = YES;
				CLANG_WARN_INFINITE_RECURSION = YES;
				CLANG_WARN_INT_CONVERSION = YES;
				CLANG_WARN_NON_LITERAL_NULL_CONVERSION = YES;
				CLANG_WARN_OBJC_IMPLICIT_RETAIN_SELF = YES;
				CLANG_WARN_OBJC_LITERAL_CONVERSION = YES;
				CLANG_WARN_OBJC_ROOT_CLASS = YES_ERROR;
				CLANG_WARN_RANGE_LOOP_ANALYSIS = YES;
				CLANG_WARN_STRICT_PROTOTYPES = YES;
				CLANG_WARN_SUSPICIOUS_MOVE = YES;
				CLANG_WARN_UNGUARDED_AVAILABILITY = YES_AGGRESSIVE;
				CLANG_WARN_UNREACHABLE_CODE = YES;
				CLANG_WARN__DUPLICATE_METHOD_MATCH = YES;
				CODE_SIGN_IDENTITY = "iPhone Developer";
				COPY_PHASE_STRIP = NO;
				CURRENT_PROJECT_VERSION = 1;
				DEBUG_INFORMATION_FORMAT = "dwarf-with-dsym";
				ENABLE_NS_ASSERTIONS = NO;
				ENABLE_STRICT_OBJC_MSGSEND = YES;
				GCC_C_LANGUAGE_STANDARD = gnu11;
				GCC_NO_COMMON_BLOCKS = YES;
				GCC_WARN_64_TO_32_BIT_CONVERSION = YES;
				GCC_WARN_ABOUT_RETURN_TYPE = YES_ERROR;
				GCC_WARN_UNDECLARED_SELECTOR = YES;
				GCC_WARN_UNINITIALIZED_AUTOS = YES_AGGRESSIVE;
				GCC_WARN_UNUSED_FUNCTION = YES;
				GCC_WARN_UNUSED_VARIABLE = YES;
				IPHONEOS_DEPLOYMENT_TARGET = 10.0;
				MTL_ENABLE_DEBUG_INFO = NO;
				SDKROOT = iphoneos;
				SWIFT_COMPILATION_MODE = wholemodule;
				SWIFT_OPTIMIZATION_LEVEL = "-O";
				VALIDATE_PRODUCT = YES;
				VERSIONING_SYSTEM = "apple-generic";
				VERSION_INFO_PREFIX = "";
			};
			name = Release;
		};
		E88A565A20EBB8C5002D0162 /* Debug */ = {
			isa = XCBuildConfiguration;
			buildSettings = {
				CLANG_ENABLE_MODULES = YES;
				CODE_SIGN_IDENTITY = "";
				CODE_SIGN_STYLE = Automatic;
				DEFINES_MODULE = YES;
				DEVELOPMENT_TEAM = AQV5ZM59WZ;
				DYLIB_COMPATIBILITY_VERSION = 1;
				DYLIB_CURRENT_VERSION = 1;
				DYLIB_INSTALL_NAME_BASE = "@rpath";
				INFOPLIST_FILE = ThreeRingControl/Info.plist;
				INSTALL_PATH = "$(LOCAL_LIBRARY_DIR)/Frameworks";
				IPHONEOS_DEPLOYMENT_TARGET = 10.0;
				LD_RUNPATH_SEARCH_PATHS = (
					"$(inherited)",
					"@executable_path/Frameworks",
					"@loader_path/Frameworks",
				);
				PRODUCT_BUNDLE_IDENTIFIER = com.tapadoo.ThreeRingControl;
				PRODUCT_NAME = "$(TARGET_NAME:c99extidentifier)";
				SKIP_INSTALL = YES;
				SWIFT_OPTIMIZATION_LEVEL = "-Onone";
				SWIFT_VERSION = 4.0;
				TARGETED_DEVICE_FAMILY = "1,2";
			};
			name = Debug;
		};
		E88A565B20EBB8C5002D0162 /* Release */ = {
			isa = XCBuildConfiguration;
			buildSettings = {
				CLANG_ENABLE_MODULES = YES;
				CODE_SIGN_IDENTITY = "";
				CODE_SIGN_STYLE = Automatic;
				DEFINES_MODULE = YES;
				DEVELOPMENT_TEAM = AQV5ZM59WZ;
				DYLIB_COMPATIBILITY_VERSION = 1;
				DYLIB_CURRENT_VERSION = 1;
				DYLIB_INSTALL_NAME_BASE = "@rpath";
				INFOPLIST_FILE = ThreeRingControl/Info.plist;
				INSTALL_PATH = "$(LOCAL_LIBRARY_DIR)/Frameworks";
				IPHONEOS_DEPLOYMENT_TARGET = 10.0;
				LD_RUNPATH_SEARCH_PATHS = (
					"$(inherited)",
					"@executable_path/Frameworks",
					"@loader_path/Frameworks",
				);
				PRODUCT_BUNDLE_IDENTIFIER = com.tapadoo.ThreeRingControl;
				PRODUCT_NAME = "$(TARGET_NAME:c99extidentifier)";
				SKIP_INSTALL = YES;
				SWIFT_VERSION = 4.0;
				TARGETED_DEVICE_FAMILY = "1,2";
			};
			name = Release;
		};
		E88A565D20EBB8C5002D0162 /* Debug */ = {
			isa = XCBuildConfiguration;
			buildSettings = {
				ALWAYS_EMBED_SWIFT_STANDARD_LIBRARIES = YES;
				CODE_SIGN_STYLE = Manual;
				DEVELOPMENT_TEAM = AQV5ZM59WZ;
				INFOPLIST_FILE = ThreeRingControlTests/Info.plist;
				LD_RUNPATH_SEARCH_PATHS = (
					"$(inherited)",
					"@executable_path/Frameworks",
					"@loader_path/Frameworks",
				);
				PRODUCT_BUNDLE_IDENTIFIER = com.tapadoo.ThreeRingControlTests;
				PRODUCT_NAME = "$(TARGET_NAME)";
				PROVISIONING_PROFILE_SPECIFIER = "";
				SWIFT_VERSION = 4.0;
				TARGETED_DEVICE_FAMILY = "1,2";
			};
			name = Debug;
		};
		E88A565E20EBB8C5002D0162 /* Release */ = {
			isa = XCBuildConfiguration;
			buildSettings = {
				ALWAYS_EMBED_SWIFT_STANDARD_LIBRARIES = YES;
				CODE_SIGN_STYLE = Manual;
				DEVELOPMENT_TEAM = "";
				INFOPLIST_FILE = ThreeRingControlTests/Info.plist;
				LD_RUNPATH_SEARCH_PATHS = (
					"$(inherited)",
					"@executable_path/Frameworks",
					"@loader_path/Frameworks",
				);
				PRODUCT_BUNDLE_IDENTIFIER = com.tapadoo.ThreeRingControlTests;
				PRODUCT_NAME = "$(TARGET_NAME)";
				PROVISIONING_PROFILE_SPECIFIER = "";
				SWIFT_VERSION = 4.0;
				TARGETED_DEVICE_FAMILY = "1,2";
			};
			name = Release;
		};
/* End XCBuildConfiguration section */

/* Begin XCConfigurationList section */
		E88A563F20EBB8C5002D0162 /* Build configuration list for PBXProject "ThreeRingControl" */ = {
			isa = XCConfigurationList;
			buildConfigurations = (
				E88A565720EBB8C5002D0162 /* Debug */,
				E88A565820EBB8C5002D0162 /* Release */,
			);
			defaultConfigurationIsVisible = 0;
			defaultConfigurationName = Release;
		};
		E88A565920EBB8C5002D0162 /* Build configuration list for PBXNativeTarget "ThreeRingControl" */ = {
			isa = XCConfigurationList;
			buildConfigurations = (
				E88A565A20EBB8C5002D0162 /* Debug */,
				E88A565B20EBB8C5002D0162 /* Release */,
			);
			defaultConfigurationIsVisible = 0;
			defaultConfigurationName = Release;
		};
		E88A565C20EBB8C5002D0162 /* Build configuration list for PBXNativeTarget "ThreeRingControlTests" */ = {
			isa = XCConfigurationList;
			buildConfigurations = (
				E88A565D20EBB8C5002D0162 /* Debug */,
				E88A565E20EBB8C5002D0162 /* Release */,
			);
			defaultConfigurationIsVisible = 0;
			defaultConfigurationName = Release;
		};
/* End XCConfigurationList section */
	};
	rootObject = E88A563C20EBB8C5002D0162 /* Project object */;
}
